
Microsoft Visual Studio Solution File, Format Version 12.00
# Visual Studio Version 16
VisualStudioVersion = 16.0.30406.217
MinimumVisualStudioVersion = 10.0.40219.1
Project("{FAE04EC0-301F-11D3-BF4B-00C04F79EFBC}") = "winformsCrud proyecto", "winformsCrud proyecto\winformsCrud proyecto.csproj", "{0C5BBBDE-4A04-4EF0-999A-E1885542E8CA}"
EndProject
Global
	GlobalSection(SolutionConfigurationPlatforms) = preSolution
		Debug|Any CPU = Debug|Any CPU
		Release|Any CPU = Release|Any CPU
	EndGlobalSection
	GlobalSection(ProjectConfigurationPlatforms) = postSolution
		{0C5BBBDE-4A04-4EF0-999A-E1885542E8CA}.Debug|Any CPU.ActiveCfg = Debug|Any CPU
		{0C5BBBDE-4A04-4EF0-999A-E1885542E8CA}.Debug|Any CPU.Build.0 = Debug|Any CPU
		{0C5BBBDE-4A04-4EF0-999A-E1885542E8CA}.Release|Any CPU.ActiveCfg = Release|Any CPU
		{0C5BBBDE-4A04-4EF0-999A-E1885542E8CA}.Release|Any CPU.Build.0 = Release|Any CPU
	EndGlobalSection
	GlobalSection(SolutionProperties) = preSolution
		HideSolutionNode = FALSE
	EndGlobalSection
	GlobalSection(ExtensibilityGlobals) = postSolution
		SolutionGuid = {5323DBBA-3EC7-464B-A653-4B5F6C3728CA}
	EndGlobalSection
EndGlobal
